// !$*UTF8*$!
{
	archiveVersion = 1;
	classes = {
	};
	objectVersion = 50;
	objects = {

/* Begin PBXBuildFile section */
		2FAE645121F03420008FA24D /* AppDelegate.swift in Sources */ = {isa = PBXBuildFile; fileRef = 2FAE645021F03420008FA24D /* AppDelegate.swift */; };
		2FAE645321F03420008FA24D /* MainTabBarController.swift in Sources */ = {isa = PBXBuildFile; fileRef = 2FAE645221F03420008FA24D /* MainTabBarController.swift */; };
		2FAE645821F03421008FA24D /* Assets.xcassets in Resources */ = {isa = PBXBuildFile; fileRef = 2FAE645721F03421008FA24D /* Assets.xcassets */; };
		2FAE645B21F03421008FA24D /* LaunchScreen.storyboard in Resources */ = {isa = PBXBuildFile; fileRef = 2FAE645921F03421008FA24D /* LaunchScreen.storyboard */; };
		2FAE646621F03421008FA24D /* VacationSpotAndPuzzleTests.swift in Sources */ = {isa = PBXBuildFile; fileRef = 2FAE646521F03421008FA24D /* VacationSpotAndPuzzleTests.swift */; };
		2FAE647121F0355A008FA24D /* PlaceViewController.swift in Sources */ = {isa = PBXBuildFile; fileRef = 2FAE647021F0355A008FA24D /* PlaceViewController.swift */; };
		2FAE647321F03580008FA24D /* PlaceTableViewController.swift in Sources */ = {isa = PBXBuildFile; fileRef = 2FAE647221F03580008FA24D /* PlaceTableViewController.swift */; };
		2FAE647521F04B67008FA24D /* PuzzleViewController.swift in Sources */ = {isa = PBXBuildFile; fileRef = 2FAE647421F04B67008FA24D /* PuzzleViewController.swift */; };
		2FAE647721F0F7EC008FA24D /* PuzzleGameCollectionViewCell.swift in Sources */ = {isa = PBXBuildFile; fileRef = 2FAE647621F0F7EC008FA24D /* PuzzleGameCollectionViewCell.swift */; };
		2FAE647921F184BA008FA24D /* PlaceTableViewCell.swift in Sources */ = {isa = PBXBuildFile; fileRef = 2FAE647821F184BA008FA24D /* PlaceTableViewCell.swift */; };
		2FAE647B21F184EC008FA24D /* RatingControl.swift in Sources */ = {isa = PBXBuildFile; fileRef = 2FAE647A21F184EC008FA24D /* RatingControl.swift */; };
		2FAE647D21F18514008FA24D /* Place.swift in Sources */ = {isa = PBXBuildFile; fileRef = 2FAE647C21F18514008FA24D /* Place.swift */; };
		2FAE647F21F22EE3008FA24D /* Main.storyboard in Resources */ = {isa = PBXBuildFile; fileRef = 2FAE647E21F22EE3008FA24D /* Main.storyboard */; };
/* End PBXBuildFile section */

/* Begin PBXContainerItemProxy section */
		2FAE646221F03421008FA24D /* PBXContainerItemProxy */ = {
			isa = PBXContainerItemProxy;
			containerPortal = 2FAE644521F03420008FA24D /* Project object */;
			proxyType = 1;
			remoteGlobalIDString = 2FAE644C21F03420008FA24D;
			remoteInfo = VacationSpotAndPuzzle;
		};
/* End PBXContainerItemProxy section */

/* Begin PBXFileReference section */
		2FAE644D21F03420008FA24D /* VacationSpotAndPuzzle.app */ = {isa = PBXFileReference; explicitFileType = wrapper.application; includeInIndex = 0; path = VacationSpotAndPuzzle.app; sourceTree = BUILT_PRODUCTS_DIR; };
		2FAE645021F03420008FA24D /* AppDelegate.swift */ = {isa = PBXFileReference; lastKnownFileType = sourcecode.swift; path = AppDelegate.swift; sourceTree = "<group>"; };
		2FAE645221F03420008FA24D /* MainTabBarController.swift */ = {isa = PBXFileReference; lastKnownFileType = sourcecode.swift; path = MainTabBarController.swift; sourceTree = "<group>"; };
		2FAE645721F03421008FA24D /* Assets.xcassets */ = {isa = PBXFileReference; lastKnownFileType = folder.assetcatalog; path = Assets.xcassets; sourceTree = "<group>"; };
		2FAE645A21F03421008FA24D /* Base */ = {isa = PBXFileReference; lastKnownFileType = file.storyboard; name = Base; path = Base.lproj/LaunchScreen.storyboard; sourceTree = "<group>"; };
		2FAE645C21F03421008FA24D /* Info.plist */ = {isa = PBXFileReference; lastKnownFileType = text.plist.xml; path = Info.plist; sourceTree = "<group>"; };
		2FAE646121F03421008FA24D /* VacationSpotAndPuzzleTests.xctest */ = {isa = PBXFileReference; explicitFileType = wrapper.cfbundle; includeInIndex = 0; path = VacationSpotAndPuzzleTests.xctest; sourceTree = BUILT_PRODUCTS_DIR; };
		2FAE646521F03421008FA24D /* VacationSpotAndPuzzleTests.swift */ = {isa = PBXFileReference; lastKnownFileType = sourcecode.swift; path = VacationSpotAndPuzzleTests.swift; sourceTree = "<group>"; };
		2FAE646721F03421008FA24D /* Info.plist */ = {isa = PBXFileReference; lastKnownFileType = text.plist.xml; path = Info.plist; sourceTree = "<group>"; };
		2FAE647021F0355A008FA24D /* PlaceViewController.swift */ = {isa = PBXFileReference; lastKnownFileType = sourcecode.swift; path = PlaceViewController.swift; sourceTree = "<group>"; };
		2FAE647221F03580008FA24D /* PlaceTableViewController.swift */ = {isa = PBXFileReference; lastKnownFileType = sourcecode.swift; path = PlaceTableViewController.swift; sourceTree = "<group>"; };
		2FAE647421F04B67008FA24D /* PuzzleViewController.swift */ = {isa = PBXFileReference; lastKnownFileType = sourcecode.swift; path = PuzzleViewController.swift; sourceTree = "<group>"; };
		2FAE647621F0F7EC008FA24D /* PuzzleGameCollectionViewCell.swift */ = {isa = PBXFileReference; lastKnownFileType = sourcecode.swift; path = PuzzleGameCollectionViewCell.swift; sourceTree = "<group>"; };
		2FAE647821F184BA008FA24D /* PlaceTableViewCell.swift */ = {isa = PBXFileReference; lastKnownFileType = sourcecode.swift; path = PlaceTableViewCell.swift; sourceTree = "<group>"; };
		2FAE647A21F184EC008FA24D /* RatingControl.swift */ = {isa = PBXFileReference; lastKnownFileType = sourcecode.swift; path = RatingControl.swift; sourceTree = "<group>"; };
		2FAE647C21F18514008FA24D /* Place.swift */ = {isa = PBXFileReference; lastKnownFileType = sourcecode.swift; path = Place.swift; sourceTree = "<group>"; };
		2FAE647E21F22EE3008FA24D /* Main.storyboard */ = {isa = PBXFileReference; fileEncoding = 4; lastKnownFileType = file.storyboard; path = Main.storyboard; sourceTree = "<group>"; };
/* End PBXFileReference section */

/* Begin PBXFrameworksBuildPhase section */
		2FAE644A21F03420008FA24D /* Frameworks */ = {
			isa = PBXFrameworksBuildPhase;
			buildActionMask = 2147483647;
			files = (
			);
			runOnlyForDeploymentPostprocessing = 0;
		};
		2FAE645E21F03421008FA24D /* Frameworks */ = {
			isa = PBXFrameworksBuildPhase;
			buildActionMask = 2147483647;
			files = (
			);
			runOnlyForDeploymentPostprocessing = 0;
		};
/* End PBXFrameworksBuildPhase section */

/* Begin PBXGroup section */
		2FAE644421F03420008FA24D = {
			isa = PBXGroup;
			children = (
				2FAE644F21F03420008FA24D /* VacationSpotAndPuzzle */,
				2FAE646421F03421008FA24D /* VacationSpotAndPuzzleTests */,
				2FAE644E21F03420008FA24D /* Products */,
			);
			sourceTree = "<group>";
		};
		2FAE644E21F03420008FA24D /* Products */ = {
			isa = PBXGroup;
			children = (
				2FAE644D21F03420008FA24D /* VacationSpotAndPuzzle.app */,
				2FAE646121F03421008FA24D /* VacationSpotAndPuzzleTests.xctest */,
			);
			name = Products;
			sourceTree = "<group>";
		};
		2FAE644F21F03420008FA24D /* VacationSpotAndPuzzle */ = {
			isa = PBXGroup;
			children = (
				2FAE645021F03420008FA24D /* AppDelegate.swift */,
				2FAE645221F03420008FA24D /* MainTabBarController.swift */,
				2FAE645721F03421008FA24D /* Assets.xcassets */,
				2FAE647E21F22EE3008FA24D /* Main.storyboard */,
				2FAE645921F03421008FA24D /* LaunchScreen.storyboard */,
				2FAE645C21F03421008FA24D /* Info.plist */,
				2FAE647021F0355A008FA24D /* PlaceViewController.swift */,
				2FAE647221F03580008FA24D /* PlaceTableViewController.swift */,
				2FAE647421F04B67008FA24D /* PuzzleViewController.swift */,
				2FAE647621F0F7EC008FA24D /* PuzzleGameCollectionViewCell.swift */,
				2FAE647821F184BA008FA24D /* PlaceTableViewCell.swift */,
				2FAE647A21F184EC008FA24D /* RatingControl.swift */,
				2FAE647C21F18514008FA24D /* Place.swift */,
			);
			path = VacationSpotAndPuzzle;
			sourceTree = "<group>";
		};
		2FAE646421F03421008FA24D /* VacationSpotAndPuzzleTests */ = {
			isa = PBXGroup;
			children = (
				2FAE646521F03421008FA24D /* VacationSpotAndPuzzleTests.swift */,
				2FAE646721F03421008FA24D /* Info.plist */,
			);
			path = VacationSpotAndPuzzleTests;
			sourceTree = "<group>";
		};
/* End PBXGroup section */

/* Begin PBXNativeTarget section */
		2FAE644C21F03420008FA24D /* VacationSpotAndPuzzle */ = {
			isa = PBXNativeTarget;
			buildConfigurationList = 2FAE646A21F03421008FA24D /* Build configuration list for PBXNativeTarget "VacationSpotAndPuzzle" */;
			buildPhases = (
				2FAE644921F03420008FA24D /* Sources */,
				2FAE644A21F03420008FA24D /* Frameworks */,
				2FAE644B21F03420008FA24D /* Resources */,
			);
			buildRules = (
			);
			dependencies = (
			);
			name = VacationSpotAndPuzzle;
			productName = VacationSpotAndPuzzle;
			productReference = 2FAE644D21F03420008FA24D /* VacationSpotAndPuzzle.app */;
			productType = "com.apple.product-type.application";
		};
		2FAE646021F03421008FA24D /* VacationSpotAndPuzzleTests */ = {
			isa = PBXNativeTarget;
			buildConfigurationList = 2FAE646D21F03421008FA24D /* Build configuration list for PBXNativeTarget "VacationSpotAndPuzzleTests" */;
			buildPhases = (
				2FAE645D21F03421008FA24D /* Sources */,
				2FAE645E21F03421008FA24D /* Frameworks */,
				2FAE645F21F03421008FA24D /* Resources */,
			);
			buildRules = (
			);
			dependencies = (
				2FAE646321F03421008FA24D /* PBXTargetDependency */,
			);
			name = VacationSpotAndPuzzleTests;
			productName = VacationSpotAndPuzzleTests;
			productReference = 2FAE646121F03421008FA24D /* VacationSpotAndPuzzleTests.xctest */;
			productType = "com.apple.product-type.bundle.unit-test";
		};
/* End PBXNativeTarget section */

/* Begin PBXProject section */
		2FAE644521F03420008FA24D /* Project object */ = {
			isa = PBXProject;
			attributes = {
				LastSwiftUpdateCheck = 1010;
				LastUpgradeCheck = 1010;
				ORGANIZATIONNAME = "Meiyi He";
				TargetAttributes = {
					2FAE644C21F03420008FA24D = {
						CreatedOnToolsVersion = 10.1;
					};
					2FAE646021F03421008FA24D = {
						CreatedOnToolsVersion = 10.1;
						TestTargetID = 2FAE644C21F03420008FA24D;
					};
				};
			};
			buildConfigurationList = 2FAE644821F03420008FA24D /* Build configuration list for PBXProject "VacationSpotAndPuzzle" */;
			compatibilityVersion = "Xcode 9.3";
			developmentRegion = en;
			hasScannedForEncodings = 0;
			knownRegions = (
				en,
				Base,
			);
			mainGroup = 2FAE644421F03420008FA24D;
			productRefGroup = 2FAE644E21F03420008FA24D /* Products */;
			projectDirPath = "";
			projectRoot = "";
			targets = (
				2FAE644C21F03420008FA24D /* VacationSpotAndPuzzle */,
				2FAE646021F03421008FA24D /* VacationSpotAndPuzzleTests */,
			);
		};
/* End PBXProject section */

/* Begin PBXResourcesBuildPhase section */
		2FAE644B21F03420008FA24D /* Resources */ = {
			isa = PBXResourcesBuildPhase;
			buildActionMask = 2147483647;
			files = (
				2FAE647F21F22EE3008FA24D /* Main.storyboard in Resources */,
				2FAE645B21F03421008FA24D /* LaunchScreen.storyboard in Resources */,
				2FAE645821F03421008FA24D /* Assets.xcassets in Resources */,
			);
			runOnlyForDeploymentPostprocessing = 0;
		};
		2FAE645F21F03421008FA24D /* Resources */ = {
			isa = PBXResourcesBuildPhase;
			buildActionMask = 2147483647;
			files = (
			);
			runOnlyForDeploymentPostprocessing = 0;
		};
/* End PBXResourcesBuildPhase section */

/* Begin PBXSourcesBuildPhase section */
		2FAE644921F03420008FA24D /* Sources */ = {
			isa = PBXSourcesBuildPhase;
			buildActionMask = 2147483647;
			files = (
				2FAE647721F0F7EC008FA24D /* PuzzleGameCollectionViewCell.swift in Sources */,
				2FAE647521F04B67008FA24D /* PuzzleViewController.swift in Sources */,
				2FAE647121F0355A008FA24D /* PlaceViewController.swift in Sources */,
				2FAE647921F184BA008FA24D /* PlaceTableViewCell.swift in Sources */,
				2FAE647B21F184EC008FA24D /* RatingControl.swift in Sources */,
				2FAE647321F03580008FA24D /* PlaceTableViewController.swift in Sources */,
				2FAE647D21F18514008FA24D /* Place.swift in Sources */,
				2FAE645321F03420008FA24D /* MainTabBarController.swift in Sources */,
				2FAE645121F03420008FA24D /* AppDelegate.swift in Sources */,
			);
			runOnlyForDeploymentPostprocessing = 0;
		};
		2FAE645D21F03421008FA24D /* Sources */ = {
			isa = PBXSourcesBuildPhase;
			buildActionMask = 2147483647;
			files = (
				2FAE646621F03421008FA24D /* VacationSpotAndPuzzleTests.swift in Sources */,
			);
			runOnlyForDeploymentPostprocessing = 0;
		};
/* End PBXSourcesBuildPhase section */

/* Begin PBXTargetDependency section */
		2FAE646321F03421008FA24D /* PBXTargetDependency */ = {
			isa = PBXTargetDependency;
			target = 2FAE644C21F03420008FA24D /* VacationSpotAndPuzzle */;
			targetProxy = 2FAE646221F03421008FA24D /* PBXContainerItemProxy */;
		};
/* End PBXTargetDependency section */

/* Begin PBXVariantGroup section */
		2FAE645921F03421008FA24D /* LaunchScreen.storyboard */ = {
			isa = PBXVariantGroup;
			children = (
				2FAE645A21F03421008FA24D /* Base */,
			);
			name = LaunchScreen.storyboard;
			sourceTree = "<group>";
		};
/* End PBXVariantGroup section */

/* Begin XCBuildConfiguration section */
		2FAE646821F03421008FA24D /* Debug */ = {
			isa = XCBuildConfiguration;
			buildSettings = {
				ALWAYS_SEARCH_USER_PATHS = NO;
				CLANG_ANALYZER_NONNULL = YES;
				CLANG_ANALYZER_NUMBER_OBJECT_CONVERSION = YES_AGGRESSIVE;
				CLANG_CXX_LANGUAGE_STANDARD = "gnu++14";
				CLANG_CXX_LIBRARY = "libc++";
				CLANG_ENABLE_MODULES = YES;
				CLANG_ENABLE_OBJC_ARC = YES;
				CLANG_ENABLE_OBJC_WEAK = YES;
				CLANG_WARN_BLOCK_CAPTURE_AUTORELEASING = YES;
				CLANG_WARN_BOOL_CONVERSION = YES;
				CLANG_WARN_COMMA = YES;
				CLANG_WARN_CONSTANT_CONVERSION = YES;
				CLANG_WARN_DEPRECATED_OBJC_IMPLEMENTATIONS = YES;
				CLANG_WARN_DIRECT_OBJC_ISA_USAGE = YES_ERROR;
				CLANG_WARN_DOCUMENTATION_COMMENTS = YES;
				CLANG_WARN_EMPTY_BODY = YES;
				CLANG_WARN_ENUM_CONVERSION = YES;
				CLANG_WARN_INFINITE_RECURSION = YES;
				CLANG_WARN_INT_CONVERSION = YES;
				CLANG_WARN_NON_LITERAL_NULL_CONVERSION = YES;
				CLANG_WARN_OBJC_IMPLICIT_RETAIN_SELF = YES;
				CLANG_WARN_OBJC_LITERAL_CONVERSION = YES;
				CLANG_WARN_OBJC_ROOT_CLASS = YES_ERROR;
				CLANG_WARN_RANGE_LOOP_ANALYSIS = YES;
				CLANG_WARN_STRICT_PROTOTYPES = YES;
				CLANG_WARN_SUSPICIOUS_MOVE = YES;
				CLANG_WARN_UNGUARDED_AVAILABILITY = YES_AGGRESSIVE;
				CLANG_WARN_UNREACHABLE_CODE = YES;
				CLANG_WARN__DUPLICATE_METHOD_MATCH = YES;
				CODE_SIGN_IDENTITY = "iPhone Developer";
				COPY_PHASE_STRIP = NO;
				DEBUG_INFORMATION_FORMAT = dwarf;
				ENABLE_STRICT_OBJC_MSGSEND = YES;
				ENABLE_TESTABILITY = YES;
				GCC_C_LANGUAGE_STANDARD = gnu11;
				GCC_DYNAMIC_NO_PIC = NO;
				GCC_NO_COMMON_BLOCKS = YES;
				GCC_OPTIMIZATION_LEVEL = 0;
				GCC_PREPROCESSOR_DEFINITIONS = (
					"DEBUG=1",
					"$(inherited)",
				);
				GCC_WARN_64_TO_32_BIT_CONVERSION = YES;
				GCC_WARN_ABOUT_RETURN_TYPE = YES_ERROR;
				GCC_WARN_UNDECLARED_SELECTOR = YES;
				GCC_WARN_UNINITIALIZED_AUTOS = YES_AGGRESSIVE;
				GCC_WARN_UNUSED_FUNCTION = YES;
				GCC_WARN_UNUSED_VARIABLE = YES;
				IPHONEOS_DEPLOYMENT_TARGET = 12.1;
				MTL_ENABLE_DEBUG_INFO = INCLUDE_SOURCE;
				MTL_FAST_MATH = YES;
				ONLY_ACTIVE_ARCH = YES;
				SDKROOT = iphoneos;
				SWIFT_ACTIVE_COMPILATION_CONDITIONS = DEBUG;
				SWIFT_OPTIMIZATION_LEVEL = "-Onone";
			};
			name = Debug;
		};
		2FAE646921F03421008FA24D /* Release */ = {
			isa = XCBuildConfiguration;
			buildSettings = {
				ALWAYS_SEARCH_USER_PATHS = NO;
				CLANG_ANALYZER_NONNULL = YES;
				CLANG_ANALYZER_NUMBER_OBJECT_CONVERSION = YES_AGGRESSIVE;
				CLANG_CXX_LANGUAGE_STANDARD = "gnu++14";
				CLANG_CXX_LIBRARY = "libc++";
				CLANG_ENABLE_MODULES = YES;
				CLANG_ENABLE_OBJC_ARC = YES;
				CLANG_ENABLE_OBJC_WEAK = YES;
				CLANG_WARN_BLOCK_CAPTURE_AUTORELEASING = YES;
				CLANG_WARN_BOOL_CONVERSION = YES;
				CLANG_WARN_COMMA = YES;
				CLANG_WARN_CONSTANT_CONVERSION = YES;
				CLANG_WARN_DEPRECATED_OBJC_IMPLEMENTATIONS = YES;
				CLANG_WARN_DIRECT_OBJC_ISA_USAGE = YES_ERROR;
				CLANG_WARN_DOCUMENTATION_COMMENTS = YES;
				CLANG_WARN_EMPTY_BODY = YES;
				CLANG_WARN_ENUM_CONVERSION = YES;
				CLANG_WARN_INFINITE_RECURSION = YES;
				CLANG_WARN_INT_CONVERSION = YES;
				CLANG_WARN_NON_LITERAL_NULL_CONVERSION = YES;
				CLANG_WARN_OBJC_IMPLICIT_RETAIN_SELF = YES;
				CLANG_WARN_OBJC_LITERAL_CONVERSION = YES;
				CLANG_WARN_OBJC_ROOT_CLASS = YES_ERROR;
				CLANG_WARN_RANGE_LOOP_ANALYSIS = YES;
				CLANG_WARN_STRICT_PROTOTYPES = YES;
				CLANG_WARN_SUSPICIOUS_MOVE = YES;
				CLANG_WARN_UNGUARDED_AVAILABILITY = YES_AGGRESSIVE;
				CLANG_WARN_UNREACHABLE_CODE = YES;
				CLANG_WARN__DUPLICATE_METHOD_MATCH = YES;
				CODE_SIGN_IDENTITY = "iPhone Developer";
				COPY_PHASE_STRIP = NO;
				DEBUG_INFORMATION_FORMAT = "dwarf-with-dsym";
				ENABLE_NS_ASSERTIONS = NO;
				ENABLE_STRICT_OBJC_MSGSEND = YES;
				GCC_C_LANGUAGE_STANDARD = gnu11;
				GCC_NO_COMMON_BLOCKS = YES;
				GCC_WARN_64_TO_32_BIT_CONVERSION = YES;
				GCC_WARN_ABOUT_RETURN_TYPE = YES_ERROR;
				GCC_WARN_UNDECLARED_SELECTOR = YES;
				GCC_WARN_UNINITIALIZED_AUTOS = YES_AGGRESSIVE;
				GCC_WARN_UNUSED_FUNCTION = YES;
				GCC_WARN_UNUSED_VARIABLE = YES;
				IPHONEOS_DEPLOYMENT_TARGET = 12.1;
				MTL_ENABLE_DEBUG_INFO = NO;
				MTL_FAST_MATH = YES;
				SDKROOT = iphoneos;
				SWIFT_COMPILATION_MODE = wholemodule;
				SWIFT_OPTIMIZATION_LEVEL = "-O";
				VALIDATE_PRODUCT = YES;
			};
			name = Release;
		};
		2FAE646B21F03421008FA24D /* Debug */ = {
			isa = XCBuildConfiguration;
			buildSettings = {
				ASSETCATALOG_COMPILER_APPICON_NAME = AppIcon;
				CODE_SIGN_STYLE = Automatic;
				DEVELOPMENT_TEAM = 5CPEK2K37C;
				INFOPLIST_FILE = VacationSpotAndPuzzle/Info.plist;
				LD_RUNPATH_SEARCH_PATHS = (
					"$(inherited)",
					"@executable_path/Frameworks",
				);
				PRODUCT_BUNDLE_IDENTIFIER = lexi.VacationSpotAndPuzzle;
				PRODUCT_NAME = "$(TARGET_NAME)";
				SWIFT_VERSION = 4.2;
				TARGETED_DEVICE_FAMILY = "1,2";
			};
			name = Debug;
		};
		2FAE646C21F03421008FA24D /* Release */ = {
			isa = XCBuildConfiguration;
			buildSettings = {
				ASSETCATALOG_COMPILER_APPICON_NAME = AppIcon;
				CODE_SIGN_STYLE = Automatic;
				DEVELOPMENT_TEAM = 5CPEK2K37C;
				INFOPLIST_FILE = VacationSpotAndPuzzle/Info.plist;
				LD_RUNPATH_SEARCH_PATHS = (
					"$(inherited)",
					"@executable_path/Frameworks",
				);
				PRODUCT_BUNDLE_IDENTIFIER = lexi.VacationSpotAndPuzzle;
				PRODUCT_NAME = "$(TARGET_NAME)";
				SWIFT_VERSION = 4.2;
				TARGETED_DEVICE_FAMILY = "1,2";
			};
			name = Release;
		};
		2FAE646E21F03421008FA24D /* Debug */ = {
			isa = XCBuildConfiguration;
			buildSettings = {
				ALWAYS_EMBED_SWIFT_STANDARD_LIBRARIES = YES;
				BUNDLE_LOADER = "$(TEST_HOST)";
				CODE_SIGN_STYLE = Automatic;
				DEVELOPMENT_TEAM = 5CPEK2K37C;
				INFOPLIST_FILE = VacationSpotAndPuzzleTests/Info.plist;
				LD_RUNPATH_SEARCH_PATHS = (
					"$(inherited)",
					"@executable_path/Frameworks",
					"@loader_path/Frameworks",
				);
				PRODUCT_BUNDLE_IDENTIFIER = lexi.VacationSpotAndPuzzleTests;
				PRODUCT_NAME = "$(TARGET_NAME)";
				SWIFT_VERSION = 4.2;
				TARGETED_DEVICE_FAMILY = "1,2";
				TEST_HOST = "$(BUILT_PRODUCTS_DIR)/VacationSpotAndPuzzle.app/VacationSpotAndPuzzle";
			};
			name = Debug;
		};
		2FAE646F21F03421008FA24D /* Release */ = {
			isa = XCBuildConfiguration;
			buildSettings = {
				ALWAYS_EMBED_SWIFT_STANDARD_LIBRARIES = YES;
				BUNDLE_LOADER = "$(TEST_HOST)";
				CODE_SIGN_STYLE = Automatic;
				DEVELOPMENT_TEAM = 5CPEK2K37C;
				INFOPLIST_FILE = VacationSpotAndPuzzleTests/Info.plist;
				LD_RUNPATH_SEARCH_PATHS = (
					"$(inherited)",
					"@executable_path/Frameworks",
					"@loader_path/Frameworks",
				);
				PRODUCT_BUNDLE_IDENTIFIER = lexi.VacationSpotAndPuzzleTests;
				PRODUCT_NAME = "$(TARGET_NAME)";
				SWIFT_VERSION = 4.2;
				TARGETED_DEVICE_FAMILY = "1,2";
				TEST_HOST = "$(BUILT_PRODUCTS_DIR)/VacationSpotAndPuzzle.app/VacationSpotAndPuzzle";
			};
			name = Release;
		};
/* End XCBuildConfiguration section */

/* Begin XCConfigurationList section */
		2FAE644821F03420008FA24D /* Build configuration list for PBXProject "VacationSpotAndPuzzle" */ = {
			isa = XCConfigurationList;
			buildConfigurations = (
				2FAE646821F03421008FA24D /* Debug */,
				2FAE646921F03421008FA24D /* Release */,
			);
			defaultConfigurationIsVisible = 0;
			defaultConfigurationName = Release;
		};
		2FAE646A21F03421008FA24D /* Build configuration list for PBXNativeTarget "VacationSpotAndPuzzle" */ = {
			isa = XCConfigurationList;
			buildConfigurations = (
				2FAE646B21F03421008FA24D /* Debug */,
				2FAE646C21F03421008FA24D /* Release */,
			);
			defaultConfigurationIsVisible = 0;
			defaultConfigurationName = Release;
		};
		2FAE646D21F03421008FA24D /* Build configuration list for PBXNativeTarget "VacationSpotAndPuzzleTests" */ = {
			isa = XCConfigurationList;
			buildConfigurations = (
				2FAE646E21F03421008FA24D /* Debug */,
				2FAE646F21F03421008FA24D /* Release */,
			);
			defaultConfigurationIsVisible = 0;
			defaultConfigurationName = Release;
		};
/* End XCConfigurationList section */
	};
	rootObject = 2FAE644521F03420008FA24D /* Project object */;
}
